PODS:
  - MJExtension (3.2.1)
  - MJExtensionValidation (1.0.0):
    - MJExtension (~> 3.2)

DEPENDENCIES:
  - MJExtensionValidation (from `.`)

SPEC REPOS:
  trunk:
    - MJExtension

EXTERNAL SOURCES:
  MJExtensionValidation:
    :path: "."

SPEC CHECKSUMS:
  MJExtension: 635f2c663dcb1bf76fa4b715b2570a5710aec545
  MJExtensionValidation: 4f377693bba8acfabedf1552a2b8c1b806b9b305

PODFILE CHECKSUM: 33e97566a06fb481ed392b7bb9cdf4f86ca47a2a

COCOAPODS: 1.9.2
