PODS:
  - MJExtension (3.0.17)
  - MJExtensionValidation (0.1.0):
    - MJExtension (~> 3.0)

DEPENDENCIES:
  - MJExtensionValidation (from `.`)

SPEC REPOS:
  https://github.com/cocoapods/specs.git:
    - MJExtension

EXTERNAL SOURCES:
  MJExtensionValidation:
    :path: "."

SPEC CHECKSUMS:
  MJExtension: 74ec83124a68891619fb7ba9c5c811bbf1691076
  MJExtensionValidation: 791b7be1f42f19ca21662268816a6596ac42575a

PODFILE CHECKSUM: a2ce57457086a9ed476fa3640225b2b444fecff6

COCOAPODS: 1.7.3
